
Microsoft Visual Studio Solution File, Format Version 12.00
# Visual Studio 15
VisualStudioVersion = 15.0.28307.136
MinimumVisualStudioVersion = 10.0.40219.1
Project("{FAE04EC0-301F-11D3-BF4B-00C04F79EFBC}") = "PolyDemo", "PolyDemo\PolyDemo.csproj", "{49C325AD-526F-4D27-8947-564AAA96550B}"
EndProject
Project("{FAE04EC0-301F-11D3-BF4B-00C04F79EFBC}") = "PolyFaktura", "Polymaster\PolyFaktura.csproj", "{E70920EF-D529-48E4-8653-BA8D54B90153}"
EndProject
Project("{FAE04EC0-301F-11D3-BF4B-00C04F79EFBC}") = "PolyDyr", "PolyDyr\PolyDyr.csproj", "{62B2D643-A648-4E09-BE04-8731D4BAC0A4}"
EndProject
Project("{FAE04EC0-301F-11D3-BF4B-00C04F79EFBC}") = "Interface", "Interface\Interface.csproj", "{5118C14D-B791-4716-BC47-8C0AD7959011}"
EndProject
Project("{FAE04EC0-301F-11D3-BF4B-00C04F79EFBC}") = "Compare", "Compare\Compare.csproj", "{B2700C50-964B-40FC-82C7-CDE94856DC3E}"
EndProject
Global
	GlobalSection(SolutionConfigurationPlatforms) = preSolution
		Debug|Any CPU = Debug|Any CPU
		Release|Any CPU = Release|Any CPU
	EndGlobalSection
	GlobalSection(ProjectConfigurationPlatforms) = postSolution
		{49C325AD-526F-4D27-8947-564AAA96550B}.Debug|Any CPU.ActiveCfg = Debug|Any CPU
		{49C325AD-526F-4D27-8947-564AAA96550B}.Debug|Any CPU.Build.0 = Debug|Any CPU
		{49C325AD-526F-4D27-8947-564AAA96550B}.Release|Any CPU.ActiveCfg = Release|Any CPU
		{49C325AD-526F-4D27-8947-564AAA96550B}.Release|Any CPU.Build.0 = Release|Any CPU
		{E70920EF-D529-48E4-8653-BA8D54B90153}.Debug|Any CPU.ActiveCfg = Debug|Any CPU
		{E70920EF-D529-48E4-8653-BA8D54B90153}.Debug|Any CPU.Build.0 = Debug|Any CPU
		{E70920EF-D529-48E4-8653-BA8D54B90153}.Release|Any CPU.ActiveCfg = Release|Any CPU
		{E70920EF-D529-48E4-8653-BA8D54B90153}.Release|Any CPU.Build.0 = Release|Any CPU
		{62B2D643-A648-4E09-BE04-8731D4BAC0A4}.Debug|Any CPU.ActiveCfg = Debug|Any CPU
		{62B2D643-A648-4E09-BE04-8731D4BAC0A4}.Debug|Any CPU.Build.0 = Debug|Any CPU
		{62B2D643-A648-4E09-BE04-8731D4BAC0A4}.Release|Any CPU.ActiveCfg = Release|Any CPU
		{62B2D643-A648-4E09-BE04-8731D4BAC0A4}.Release|Any CPU.Build.0 = Release|Any CPU
		{5118C14D-B791-4716-BC47-8C0AD7959011}.Debug|Any CPU.ActiveCfg = Debug|Any CPU
		{5118C14D-B791-4716-BC47-8C0AD7959011}.Debug|Any CPU.Build.0 = Debug|Any CPU
		{5118C14D-B791-4716-BC47-8C0AD7959011}.Release|Any CPU.ActiveCfg = Release|Any CPU
		{5118C14D-B791-4716-BC47-8C0AD7959011}.Release|Any CPU.Build.0 = Release|Any CPU
		{B2700C50-964B-40FC-82C7-CDE94856DC3E}.Debug|Any CPU.ActiveCfg = Debug|Any CPU
		{B2700C50-964B-40FC-82C7-CDE94856DC3E}.Debug|Any CPU.Build.0 = Debug|Any CPU
		{B2700C50-964B-40FC-82C7-CDE94856DC3E}.Release|Any CPU.ActiveCfg = Release|Any CPU
		{B2700C50-964B-40FC-82C7-CDE94856DC3E}.Release|Any CPU.Build.0 = Release|Any CPU
	EndGlobalSection
	GlobalSection(SolutionProperties) = preSolution
		HideSolutionNode = FALSE
	EndGlobalSection
	GlobalSection(ExtensibilityGlobals) = postSolution
		SolutionGuid = {E295DA10-A810-44F7-93E5-3F66693767DE}
	EndGlobalSection
EndGlobal
